# @generated - this file is auto-generated by `mise lock` https://mise.jdx.dev/dev-tools/mise-lock.html

[[tools."aqua:pnpm/pnpm"]]
version = "12.3.4"
backend = "aqua:pnpm/pnpm"

[tools."aqua:pnpm/pnpm"."platforms.linux-arm64"]
checksum = "sha256:95e71a2a30bbc0b77511f95cf096779068dcad6ffcbbfdf0cd4dde9de2b2b97c"
url = "https://github.com/pnpm/pnpm/releases/download/v12.3.4/pnpm-linux-arm64.tar.gz"
url_api = "https://api.github.com/repos/pnpm/pnpm/releases/assets/544431953"
provenance = "github-attestations"

[tools."aqua:pnpm/pnpm"."platforms.linux-arm64-musl"]
checksum = "sha256:75c0b268cedbf9b57b69dcef576b9b307dd5b7650c1f967ac1b8f8d6afc1ca25"
url = "https://github.com/pnpm/pnpm/releases/download/v12.3.4/pnpm-linux-arm64-musl.tar.gz"
url_api = "https://api.github.com/repos/pnpm/pnpm/releases/assets/544431955"
provenance = "github-attestations"

[tools."aqua:pnpm/pnpm"."platforms.linux-x64"]
checksum = "sha256:9705e5704b4679fb503c963a18d1ac4f105e39aafafca8a2ed346facdf820cd0"
url = "https://github.com/pnpm/pnpm/releases/download/v12.3.4/pnpm-linux-x64.tar.gz"
url_api = "https://api.github.com/repos/pnpm/pnpm/releases/assets/544431952"
provenance = "github-attestations"

[tools."aqua:pnpm/pnpm"."platforms.linux-x64-musl"]
checksum = "sha256:e4c4f54599627cc0646fbb2ea8103bd6c88634533fbd6c6f5ca0f6fe7d6f5d9c"
url = "https://github.com/pnpm/pnpm/releases/download/v12.3.4/pnpm-linux-x64-musl.tar.gz"
url_api = "https://api.github.com/repos/pnpm/pnpm/releases/assets/544431957"
provenance = "github-attestations"

[tools."aqua:pnpm/pnpm"."platforms.macos-arm64"]
checksum = "sha256:9560243d4e92780c4466bac2ee6aac4166c8bb601ad3c63f070cdd701b28f360"
url = "https://github.com/pnpm/pnpm/releases/download/v12.3.4/pnpm-darwin-arm64.tar.gz"
url_api = "https://api.github.com/repos/pnpm/pnpm/releases/assets/544431956"
provenance = "github-attestations"

[tools."aqua:pnpm/pnpm"."platforms.macos-x64"]
checksum = "sha256:b1d4e02cd2f9a37c42dbb82d2f93e80675f417bd4d5f3be8b999a84db673040e"
url = "https://github.com/pnpm/pnpm/releases/download/v12.3.4/pnpm-darwin-x64.tar.gz"
url_api = "https://api.github.com/repos/pnpm/pnpm/releases/assets/544431958"
provenance = "github-attestations"

[tools."aqua:pnpm/pnpm"."platforms.windows-x64"]
checksum = "sha256:ada0d8b62adff9884686d473e27d0f57ef2ca4a044d23a7c6782af86b9a8a6cf"
url = "https://github.com/pnpm/pnpm/releases/download/v12.3.4/pnpm-win32-x64.zip"
url_api = "https://api.github.com/repos/pnpm/pnpm/releases/assets/544431954"
provenance = "github-attestations"

[[tools.hk]]
version = "1.57.0"
backend = "aqua:jdx/hk"

[tools.hk."platforms.linux-arm64"]
checksum = "sha256:af6768ba1e3041a988b6518bf8b6e8900dc6a2001208b3f548545fe7de4e6f22"
url = "https://github.com/jdx/hk/releases/download/v1.57.0/hk-aarch64-unknown-linux-gnu.tar.gz"
url_api = "https://api.github.com/repos/jdx/hk/releases/assets/536864258"

[tools.hk."platforms.linux-arm64-musl"]
checksum = "sha256:969feeff543c2bd30281fdce43139fd0913cbf44385387b94b9411a72775c960"
url = "https://github.com/jdx/hk/releases/download/v1.57.0/hk-aarch64-unknown-linux-musl.tar.gz"
url_api = "https://api.github.com/repos/jdx/hk/releases/assets/536864262"

[tools.hk."platforms.linux-x64"]
checksum = "sha256:71449da0187a957233e1cf08565ed3c85fe67cd8d5942a15bc231579e1c7e380"
url = "https://github.com/jdx/hk/releases/download/v1.57.0/hk-x86_64-unknown-linux-gnu.tar.gz"
url_api = "https://api.github.com/repos/jdx/hk/releases/assets/536864279"

[tools.hk."platforms.linux-x64-musl"]
checksum = "sha256:e67b730e82e04e3e9b513f9063573a3fc29377ef3b61aa04cce7c9b9f4782b1e"
url = "https://github.com/jdx/hk/releases/download/v1.57.0/hk-x86_64-unknown-linux-musl.tar.gz"
url_api = "https://api.github.com/repos/jdx/hk/releases/assets/536864280"

[tools.hk."platforms.macos-arm64"]
checksum = "sha256:7b10c00e1f1b51d3e43cd5e738cc5fd93bf3ec0b777505744ac37c8b1e171188"
url = "https://github.com/jdx/hk/releases/download/v1.57.0/hk-aarch64-apple-darwin.tar.gz"
url_api = "https://api.github.com/repos/jdx/hk/releases/assets/536864261"

[tools.hk."platforms.windows-x64"]
checksum = "sha256:b5c4de9ec9e83790642564370c572b559f2b4ea38147ee8ea1f5b415967dab3f"
url = "https://github.com/jdx/hk/releases/download/v1.57.0/hk-x86_64-pc-windows-msvc.zip"
url_api = "https://api.github.com/repos/jdx/hk/releases/assets/536864259"

[[tools.java]]
version = "temurin-25.0.4+101.0.LTS"
backend = "core:java"

[tools.java."platforms.linux-arm64"]
checksum = "sha256:69df11a02cfa3ef7d7ca645e03edce6778ec090e100f6ae2b42097865730ac52"
url = "https://github.com/adoptium/temurin25-binaries/releases/download/jdk-25.0.4.1%2B1/OpenJDK25U-jdk_aarch64_linux_hotspot_25.0.4.1_1.tar.gz"

[tools.java."platforms.linux-arm64-musl"]
checksum = "sha256:8d19373d427017d86ac87cf6a47ba49746be864832f60b52b7e3b1531c6b2cb8"
url = "https://github.com/adoptium/temurin25-binaries/releases/download/jdk-25.0.4.1%2B1/OpenJDK25U-jdk_aarch64_alpine-linux_hotspot_25.0.4.1_1.tar.gz"

[tools.java."platforms.linux-x64"]
checksum = "sha256:dbb698396d478e7fa2b1e50f4103324b2a99b90569ee27c33f2261f9215cf41e"
url = "https://github.com/adoptium/temurin25-binaries/releases/download/jdk-25.0.4.1%2B1/OpenJDK25U-jdk_x64_linux_hotspot_25.0.4.1_1.tar.gz"

[tools.java."platforms.linux-x64-musl"]
checksum = "sha256:f18648ee5ce45261f50dc9493fdae7ddebaa2a7a857cafda3e2a448a79c03dee"
url = "https://github.com/adoptium/temurin25-binaries/releases/download/jdk-25.0.4.1%2B1/OpenJDK25U-jdk_x64_alpine-linux_hotspot_25.0.4.1_1.tar.gz"

[tools.java."platforms.macos-arm64"]
checksum = "sha256:61979887f7506a24a57439ff99adb8b3a7fc89977d9cfe3b8984f58a981b7b9d"
url = "https://github.com/adoptium/temurin25-binaries/releases/download/jdk-25.0.4.1%2B1/OpenJDK25U-jdk_aarch64_mac_hotspot_25.0.4.1_1.tar.gz"

[tools.java."platforms.macos-x64"]
checksum = "sha256:e6229d9504f7922053ab31821b9e6bee8761daf7b026a3476d1a027563009880"
url = "https://github.com/adoptium/temurin25-binaries/releases/download/jdk-25.0.4.1%2B1/OpenJDK25U-jdk_x64_mac_hotspot_25.0.4.1_1.tar.gz"

[tools.java."platforms.windows-x64"]
checksum = "sha256:00c847d804f4a78e9f04f2683faf14fed898535b177b7fc704486cb0284e9283"
url = "https://github.com/adoptium/temurin25-binaries/releases/download/jdk-25.0.4.1%2B1/OpenJDK25U-jdk_x64_windows_hotspot_25.0.4.1_1.zip"

[[tools.ktlint]]
version = "1.8.0"
backend = "aqua:pinterest/ktlint"

[tools.ktlint."platforms.linux-arm64"]
checksum = "sha256:3722801dd119b96a2fbeda0b9d66f173994f249998c87bcf2274b51977aa8f77"
url = "https://github.com/ktlint/ktlint/releases/download/1.8.0/ktlint-1.8.0.zip"
url_api = "https://api.github.com/repos/ktlint/ktlint/releases/assets/316074523"

[tools.ktlint."platforms.linux-arm64-musl"]
checksum = "sha256:3722801dd119b96a2fbeda0b9d66f173994f249998c87bcf2274b51977aa8f77"
url = "https://github.com/ktlint/ktlint/releases/download/1.8.0/ktlint-1.8.0.zip"
url_api = "https://api.github.com/repos/ktlint/ktlint/releases/assets/316074523"

[tools.ktlint."platforms.linux-x64"]
checksum = "sha256:3722801dd119b96a2fbeda0b9d66f173994f249998c87bcf2274b51977aa8f77"
url = "https://github.com/ktlint/ktlint/releases/download/1.8.0/ktlint-1.8.0.zip"
url_api = "https://api.github.com/repos/ktlint/ktlint/releases/assets/316074523"

[tools.ktlint."platforms.linux-x64-musl"]
checksum = "sha256:3722801dd119b96a2fbeda0b9d66f173994f249998c87bcf2274b51977aa8f77"
url = "https://github.com/ktlint/ktlint/releases/download/1.8.0/ktlint-1.8.0.zip"
url_api = "https://api.github.com/repos/ktlint/ktlint/releases/assets/316074523"

[tools.ktlint."platforms.macos-arm64"]
checksum = "sha256:3722801dd119b96a2fbeda0b9d66f173994f249998c87bcf2274b51977aa8f77"
url = "https://github.com/ktlint/ktlint/releases/download/1.8.0/ktlint-1.8.0.zip"
url_api = "https://api.github.com/repos/ktlint/ktlint/releases/assets/316074523"

[tools.ktlint."platforms.macos-x64"]
checksum = "sha256:3722801dd119b96a2fbeda0b9d66f173994f249998c87bcf2274b51977aa8f77"
url = "https://github.com/ktlint/ktlint/releases/download/1.8.0/ktlint-1.8.0.zip"
url_api = "https://api.github.com/repos/ktlint/ktlint/releases/assets/316074523"

[tools.ktlint."platforms.windows-x64"]
checksum = "sha256:3722801dd119b96a2fbeda0b9d66f173994f249998c87bcf2274b51977aa8f77"
url = "https://github.com/ktlint/ktlint/releases/download/1.8.0/ktlint-1.8.0.zip"
url_api = "https://api.github.com/repos/ktlint/ktlint/releases/assets/316074523"

[[tools.node]]
version = "24.20.0"
backend = "core:node"

[tools.node."platforms.linux-arm64"]
checksum = "sha256:3515603e2487879a39bc75716f1a2affd027500c64ba50e845cf72cb33219013"
url = "https://nodejs.org/dist/v24.20.0/node-v24.20.0-linux-arm64.tar.gz"

[tools.node."platforms.linux-arm64-musl"]
checksum = "sha256:2c8c507ccb0f20812d9526ba8ca454b1652aadef68fc8bad06f07fb1122dd1ef"
url = "https://unofficial-builds.nodejs.org/download/release/v24.20.0/node-v24.20.0-linux-arm64-musl.tar.gz"

[tools.node."platforms.linux-x64"]
checksum = "sha256:855d581f8a4eb1a8117e3426de25fe02770592febcfb31369aee1ffbfee9e8ec"
url = "https://nodejs.org/dist/v24.20.0/node-v24.20.0-linux-x64.tar.gz"

[tools.node."platforms.linux-x64-musl"]
checksum = "sha256:9ae1399fef4bd8990e15773ce1327b336a20b9e97d8c7549f4f42ca73c43f562"
url = "https://unofficial-builds.nodejs.org/download/release/v24.20.0/node-v24.20.0-linux-x64-musl.tar.gz"

[tools.node."platforms.macos-arm64"]
checksum = "sha256:40e5607e5ecb3db9192723776da2d75d966260fc74a7a9e731c1bd67dda96bc8"
url = "https://nodejs.org/dist/v24.20.0/node-v24.20.0-darwin-arm64.tar.gz"

[tools.node."platforms.macos-x64"]
checksum = "sha256:9e5b2644cf107befb6aefca676b96d3296bc10138096f022ed378d6233ed81f4"
url = "https://nodejs.org/dist/v24.20.0/node-v24.20.0-darwin-x64.tar.gz"

[tools.node."platforms.windows-x64"]
checksum = "sha256:6cac9ffbca8f6a47091e4b5c772e0606049c3871cb67d900c0cedde630e545ba"
url = "https://nodejs.org/dist/v24.20.0/node-v24.20.0-win-x64.zip"
