# @generated - this file is auto-generated by `mise lock` https://mise.jdx.dev/dev-tools/mise-lock.html

[[tools."aqua:pnpm/pnpm"]]
version = "12.2.1"
backend = "aqua:pnpm/pnpm"

[tools."aqua:pnpm/pnpm"."platforms.linux-arm64"]
checksum = "sha256:b42fe17d2a6a7035ae1762377ff5ecd530746bd5d49db6d77c74986db8efda48"
url = "https://github.com/pnpm/pnpm/releases/download/v12.2.1/pnpm-linux-arm64.tar.gz"
url_api = "https://api.github.com/repos/pnpm/pnpm/releases/assets/538723312"
provenance = "github-attestations"

[tools."aqua:pnpm/pnpm"."platforms.linux-arm64-musl"]
checksum = "sha256:442180dd14c7e0f213533ae5d5e209e031089121b2ce75b66a4b8a1473e92b98"
url = "https://github.com/pnpm/pnpm/releases/download/v12.2.1/pnpm-linux-arm64-musl.tar.gz"
url_api = "https://api.github.com/repos/pnpm/pnpm/releases/assets/538723313"
provenance = "github-attestations"

[tools."aqua:pnpm/pnpm"."platforms.linux-x64"]
checksum = "sha256:06a69a4f33447096fdc8bc071ad322a153ba1d8aebf9ccbd720cb082f7e497ed"
url = "https://github.com/pnpm/pnpm/releases/download/v12.2.1/pnpm-linux-x64.tar.gz"
url_api = "https://api.github.com/repos/pnpm/pnpm/releases/assets/538723306"
provenance = "github-attestations"

[tools."aqua:pnpm/pnpm"."platforms.linux-x64-musl"]
checksum = "sha256:fc5bac02292fe3416677a0dcbe8e1135cdcc9840148acde996e006d503f8ccd8"
url = "https://github.com/pnpm/pnpm/releases/download/v12.2.1/pnpm-linux-x64-musl.tar.gz"
url_api = "https://api.github.com/repos/pnpm/pnpm/releases/assets/538723309"
provenance = "github-attestations"

[tools."aqua:pnpm/pnpm"."platforms.macos-arm64"]
checksum = "sha256:ba343408b8479857fde5c42b2285e78e068f0e18c35824cd0a551197c6d8b774"
url = "https://github.com/pnpm/pnpm/releases/download/v12.2.1/pnpm-darwin-arm64.tar.gz"
url_api = "https://api.github.com/repos/pnpm/pnpm/releases/assets/538723310"
provenance = "github-attestations"

[tools."aqua:pnpm/pnpm"."platforms.macos-x64"]
checksum = "sha256:726cab67afc626f2b13b3dcad7279b6f49bad9b27802d56d3b7df100634381c1"
url = "https://github.com/pnpm/pnpm/releases/download/v12.2.1/pnpm-darwin-x64.tar.gz"
url_api = "https://api.github.com/repos/pnpm/pnpm/releases/assets/538723308"
provenance = "github-attestations"

[tools."aqua:pnpm/pnpm"."platforms.windows-x64"]
checksum = "sha256:de76abf628ea248ab9e9c23430543a227b0e471e38c9618f178a4d87a84435b1"
url = "https://github.com/pnpm/pnpm/releases/download/v12.2.1/pnpm-win32-x64.zip"
url_api = "https://api.github.com/repos/pnpm/pnpm/releases/assets/538723315"
provenance = "github-attestations"

[[tools.hk]]
version = "1.57.0"
backend = "aqua:jdx/hk"

[tools.hk."platforms.linux-arm64"]
checksum = "sha256:af6768ba1e3041a988b6518bf8b6e8900dc6a2001208b3f548545fe7de4e6f22"
url = "https://github.com/jdx/hk/releases/download/v1.57.0/hk-aarch64-unknown-linux-gnu.tar.gz"
url_api = "https://api.github.com/repos/jdx/hk/releases/assets/536864258"

[tools.hk."platforms.linux-arm64-musl"]
checksum = "sha256:969feeff543c2bd30281fdce43139fd0913cbf44385387b94b9411a72775c960"
url = "https://github.com/jdx/hk/releases/download/v1.57.0/hk-aarch64-unknown-linux-musl.tar.gz"
url_api = "https://api.github.com/repos/jdx/hk/releases/assets/536864262"

[tools.hk."platforms.linux-x64"]
checksum = "sha256:71449da0187a957233e1cf08565ed3c85fe67cd8d5942a15bc231579e1c7e380"
url = "https://github.com/jdx/hk/releases/download/v1.57.0/hk-x86_64-unknown-linux-gnu.tar.gz"
url_api = "https://api.github.com/repos/jdx/hk/releases/assets/536864279"

[tools.hk."platforms.linux-x64-musl"]
checksum = "sha256:e67b730e82e04e3e9b513f9063573a3fc29377ef3b61aa04cce7c9b9f4782b1e"
url = "https://github.com/jdx/hk/releases/download/v1.57.0/hk-x86_64-unknown-linux-musl.tar.gz"
url_api = "https://api.github.com/repos/jdx/hk/releases/assets/536864280"

[tools.hk."platforms.macos-arm64"]
checksum = "sha256:7b10c00e1f1b51d3e43cd5e738cc5fd93bf3ec0b777505744ac37c8b1e171188"
url = "https://github.com/jdx/hk/releases/download/v1.57.0/hk-aarch64-apple-darwin.tar.gz"
url_api = "https://api.github.com/repos/jdx/hk/releases/assets/536864261"

[tools.hk."platforms.windows-x64"]
checksum = "sha256:b5c4de9ec9e83790642564370c572b559f2b4ea38147ee8ea1f5b415967dab3f"
url = "https://github.com/jdx/hk/releases/download/v1.57.0/hk-x86_64-pc-windows-msvc.zip"
url_api = "https://api.github.com/repos/jdx/hk/releases/assets/536864259"

[[tools.java]]
version = "temurin-25.0.4+7.0.LTS"
backend = "core:java"

[tools.java."platforms.linux-arm64"]
checksum = "sha256:621f7196f0b682fb557da58bec89bd7dfe5419811fe1c0ba75c9cc8432f084c7"
url = "https://github.com/adoptium/temurin25-binaries/releases/download/jdk-25.0.4%2B7/OpenJDK25U-jdk_aarch64_linux_hotspot_25.0.4_7.tar.gz"

[tools.java."platforms.linux-arm64-musl"]
checksum = "sha256:3d1c5c7877e320c2cff8154cfca9af948089912b6efc6123bb21726b7055bc62"
url = "https://github.com/adoptium/temurin25-binaries/releases/download/jdk-25.0.4%2B7/OpenJDK25U-jdk_aarch64_alpine-linux_hotspot_25.0.4_7.tar.gz"

[tools.java."platforms.linux-x64"]
checksum = "sha256:e58fcdcd637b25c03ca84cbbcefc70d11efb8f4b4cbd05decc9f661769d77f94"
url = "https://github.com/adoptium/temurin25-binaries/releases/download/jdk-25.0.4%2B7/OpenJDK25U-jdk_x64_linux_hotspot_25.0.4_7.tar.gz"

[tools.java."platforms.linux-x64-musl"]
checksum = "sha256:c6f3e9f975c130169283363bf0ef2fc55f45c36eacc909141ffa7189cd7bdcb7"
url = "https://github.com/adoptium/temurin25-binaries/releases/download/jdk-25.0.4%2B7/OpenJDK25U-jdk_x64_alpine-linux_hotspot_25.0.4_7.tar.gz"

[tools.java."platforms.macos-arm64"]
checksum = "sha256:5a101c54abf5a9f16c0f70d8c38ba99e6567c1ba213378f0bb04497284f051bd"
url = "https://github.com/adoptium/temurin25-binaries/releases/download/jdk-25.0.4%2B7/OpenJDK25U-jdk_aarch64_mac_hotspot_25.0.4_7.tar.gz"

[tools.java."platforms.macos-x64"]
checksum = "sha256:a5ac9c46dad47ac06df35e36d096913195d8da1f3f71918828bcc2cfe33869b7"
url = "https://github.com/adoptium/temurin25-binaries/releases/download/jdk-25.0.4%2B7/OpenJDK25U-jdk_x64_mac_hotspot_25.0.4_7.tar.gz"

[tools.java."platforms.windows-x64"]
checksum = "sha256:7caab7db43bf4b94a2e6252c699e70d90084f9aa7c943cd3414761fd540937ae"
url = "https://github.com/adoptium/temurin25-binaries/releases/download/jdk-25.0.4%2B7/OpenJDK25U-jdk_x64_windows_hotspot_25.0.4_7.zip"

[[tools.ktlint]]
version = "1.8.0"
backend = "aqua:pinterest/ktlint"

[tools.ktlint."platforms.linux-arm64"]
checksum = "sha256:3722801dd119b96a2fbeda0b9d66f173994f249998c87bcf2274b51977aa8f77"
url = "https://github.com/ktlint/ktlint/releases/download/1.8.0/ktlint-1.8.0.zip"
url_api = "https://api.github.com/repos/ktlint/ktlint/releases/assets/316074523"

[tools.ktlint."platforms.linux-arm64-musl"]
checksum = "sha256:3722801dd119b96a2fbeda0b9d66f173994f249998c87bcf2274b51977aa8f77"
url = "https://github.com/ktlint/ktlint/releases/download/1.8.0/ktlint-1.8.0.zip"
url_api = "https://api.github.com/repos/ktlint/ktlint/releases/assets/316074523"

[tools.ktlint."platforms.linux-x64"]
checksum = "sha256:3722801dd119b96a2fbeda0b9d66f173994f249998c87bcf2274b51977aa8f77"
url = "https://github.com/ktlint/ktlint/releases/download/1.8.0/ktlint-1.8.0.zip"
url_api = "https://api.github.com/repos/ktlint/ktlint/releases/assets/316074523"

[tools.ktlint."platforms.linux-x64-musl"]
checksum = "sha256:3722801dd119b96a2fbeda0b9d66f173994f249998c87bcf2274b51977aa8f77"
url = "https://github.com/ktlint/ktlint/releases/download/1.8.0/ktlint-1.8.0.zip"
url_api = "https://api.github.com/repos/ktlint/ktlint/releases/assets/316074523"

[tools.ktlint."platforms.macos-arm64"]
checksum = "sha256:3722801dd119b96a2fbeda0b9d66f173994f249998c87bcf2274b51977aa8f77"
url = "https://github.com/ktlint/ktlint/releases/download/1.8.0/ktlint-1.8.0.zip"
url_api = "https://api.github.com/repos/ktlint/ktlint/releases/assets/316074523"

[tools.ktlint."platforms.macos-x64"]
checksum = "sha256:3722801dd119b96a2fbeda0b9d66f173994f249998c87bcf2274b51977aa8f77"
url = "https://github.com/ktlint/ktlint/releases/download/1.8.0/ktlint-1.8.0.zip"
url_api = "https://api.github.com/repos/ktlint/ktlint/releases/assets/316074523"

[tools.ktlint."platforms.windows-x64"]
checksum = "sha256:3722801dd119b96a2fbeda0b9d66f173994f249998c87bcf2274b51977aa8f77"
url = "https://github.com/ktlint/ktlint/releases/download/1.8.0/ktlint-1.8.0.zip"
url_api = "https://api.github.com/repos/ktlint/ktlint/releases/assets/316074523"

[[tools.node]]
version = "24.20.0"
backend = "core:node"

[tools.node."platforms.linux-arm64"]
checksum = "sha256:3515603e2487879a39bc75716f1a2affd027500c64ba50e845cf72cb33219013"
url = "https://nodejs.org/dist/v24.20.0/node-v24.20.0-linux-arm64.tar.gz"

[tools.node."platforms.linux-arm64-musl"]
checksum = "sha256:2c8c507ccb0f20812d9526ba8ca454b1652aadef68fc8bad06f07fb1122dd1ef"
url = "https://unofficial-builds.nodejs.org/download/release/v24.20.0/node-v24.20.0-linux-arm64-musl.tar.gz"

[tools.node."platforms.linux-x64"]
checksum = "sha256:855d581f8a4eb1a8117e3426de25fe02770592febcfb31369aee1ffbfee9e8ec"
url = "https://nodejs.org/dist/v24.20.0/node-v24.20.0-linux-x64.tar.gz"

[tools.node."platforms.linux-x64-musl"]
checksum = "sha256:9ae1399fef4bd8990e15773ce1327b336a20b9e97d8c7549f4f42ca73c43f562"
url = "https://unofficial-builds.nodejs.org/download/release/v24.20.0/node-v24.20.0-linux-x64-musl.tar.gz"

[tools.node."platforms.macos-arm64"]
checksum = "sha256:40e5607e5ecb3db9192723776da2d75d966260fc74a7a9e731c1bd67dda96bc8"
url = "https://nodejs.org/dist/v24.20.0/node-v24.20.0-darwin-arm64.tar.gz"

[tools.node."platforms.macos-x64"]
checksum = "sha256:9e5b2644cf107befb6aefca676b96d3296bc10138096f022ed378d6233ed81f4"
url = "https://nodejs.org/dist/v24.20.0/node-v24.20.0-darwin-x64.tar.gz"

[tools.node."platforms.windows-x64"]
checksum = "sha256:6cac9ffbca8f6a47091e4b5c772e0606049c3871cb67d900c0cedde630e545ba"
url = "https://nodejs.org/dist/v24.20.0/node-v24.20.0-win-x64.zip"
