# @generated - this file is auto-generated by `mise lock` https://mise.jdx.dev/dev-tools/mise-lock.html

[[tools.hk]]
version = "1.56.1"
backend = "aqua:jdx/hk"

[tools.hk."platforms.linux-arm64"]
checksum = "sha256:cd671706a273dac35b012fd585a0fba1b0c0f340558dccfd4c9a4b976a794597"
url = "https://github.com/jdx/hk/releases/download/v1.56.1/hk-aarch64-unknown-linux-gnu.tar.gz"
url_api = "https://api.github.com/repos/jdx/hk/releases/assets/525632120"

[tools.hk."platforms.linux-arm64-musl"]
checksum = "sha256:5feac3cfcdae33227197d0104832b91a5d293733320632c3c19f864866a6c8ce"
url = "https://github.com/jdx/hk/releases/download/v1.56.1/hk-aarch64-unknown-linux-musl.tar.gz"
url_api = "https://api.github.com/repos/jdx/hk/releases/assets/525632119"

[tools.hk."platforms.linux-x64"]
checksum = "sha256:67157431e36bb523213d8361a9f59b6eb718f80ae8534827849552b3c6c92a04"
url = "https://github.com/jdx/hk/releases/download/v1.56.1/hk-x86_64-unknown-linux-gnu.tar.gz"
url_api = "https://api.github.com/repos/jdx/hk/releases/assets/525632131"

[tools.hk."platforms.linux-x64-musl"]
checksum = "sha256:e7435c1aec98f60d98712da3231541987ac67c017c001f767c0f37bd517cfe43"
url = "https://github.com/jdx/hk/releases/download/v1.56.1/hk-x86_64-unknown-linux-musl.tar.gz"
url_api = "https://api.github.com/repos/jdx/hk/releases/assets/525632133"

[tools.hk."platforms.macos-arm64"]
checksum = "sha256:f8400a1427e66f1b968e58568115a2138b5d0fe88e0561b97d3822648b7e35ea"
url = "https://github.com/jdx/hk/releases/download/v1.56.1/hk-aarch64-apple-darwin.tar.gz"
url_api = "https://api.github.com/repos/jdx/hk/releases/assets/525632123"

[tools.hk."platforms.windows-x64"]
checksum = "sha256:4ccf353e484997dd4975361b6433f3b2661f5db614f2b382cddcac7eaa74a604"
url = "https://github.com/jdx/hk/releases/download/v1.56.1/hk-x86_64-pc-windows-msvc.zip"
url_api = "https://api.github.com/repos/jdx/hk/releases/assets/525632118"

[[tools.java]]
version = "temurin-25.0.4+7.0.LTS"
backend = "core:java"

[tools.java."platforms.linux-arm64"]
checksum = "sha256:621f7196f0b682fb557da58bec89bd7dfe5419811fe1c0ba75c9cc8432f084c7"
url = "https://github.com/adoptium/temurin25-binaries/releases/download/jdk-25.0.4%2B7/OpenJDK25U-jdk_aarch64_linux_hotspot_25.0.4_7.tar.gz"

[tools.java."platforms.linux-arm64-musl"]
checksum = "sha256:3d1c5c7877e320c2cff8154cfca9af948089912b6efc6123bb21726b7055bc62"
url = "https://github.com/adoptium/temurin25-binaries/releases/download/jdk-25.0.4%2B7/OpenJDK25U-jdk_aarch64_alpine-linux_hotspot_25.0.4_7.tar.gz"

[tools.java."platforms.linux-x64"]
checksum = "sha256:e58fcdcd637b25c03ca84cbbcefc70d11efb8f4b4cbd05decc9f661769d77f94"
url = "https://github.com/adoptium/temurin25-binaries/releases/download/jdk-25.0.4%2B7/OpenJDK25U-jdk_x64_linux_hotspot_25.0.4_7.tar.gz"

[tools.java."platforms.linux-x64-musl"]
checksum = "sha256:c6f3e9f975c130169283363bf0ef2fc55f45c36eacc909141ffa7189cd7bdcb7"
url = "https://github.com/adoptium/temurin25-binaries/releases/download/jdk-25.0.4%2B7/OpenJDK25U-jdk_x64_alpine-linux_hotspot_25.0.4_7.tar.gz"

[tools.java."platforms.macos-arm64"]
checksum = "sha256:5a101c54abf5a9f16c0f70d8c38ba99e6567c1ba213378f0bb04497284f051bd"
url = "https://github.com/adoptium/temurin25-binaries/releases/download/jdk-25.0.4%2B7/OpenJDK25U-jdk_aarch64_mac_hotspot_25.0.4_7.tar.gz"

[tools.java."platforms.macos-x64"]
checksum = "sha256:a5ac9c46dad47ac06df35e36d096913195d8da1f3f71918828bcc2cfe33869b7"
url = "https://github.com/adoptium/temurin25-binaries/releases/download/jdk-25.0.4%2B7/OpenJDK25U-jdk_x64_mac_hotspot_25.0.4_7.tar.gz"

[tools.java."platforms.windows-x64"]
checksum = "sha256:7caab7db43bf4b94a2e6252c699e70d90084f9aa7c943cd3414761fd540937ae"
url = "https://github.com/adoptium/temurin25-binaries/releases/download/jdk-25.0.4%2B7/OpenJDK25U-jdk_x64_windows_hotspot_25.0.4_7.zip"

[[tools.ktlint]]
version = "1.8.0"
backend = "aqua:pinterest/ktlint"

[tools.ktlint."platforms.linux-arm64"]
checksum = "sha256:3722801dd119b96a2fbeda0b9d66f173994f249998c87bcf2274b51977aa8f77"
url = "https://github.com/ktlint/ktlint/releases/download/1.8.0/ktlint-1.8.0.zip"
url_api = "https://api.github.com/repos/ktlint/ktlint/releases/assets/316074523"

[tools.ktlint."platforms.linux-arm64-musl"]
checksum = "sha256:3722801dd119b96a2fbeda0b9d66f173994f249998c87bcf2274b51977aa8f77"
url = "https://github.com/ktlint/ktlint/releases/download/1.8.0/ktlint-1.8.0.zip"
url_api = "https://api.github.com/repos/ktlint/ktlint/releases/assets/316074523"

[tools.ktlint."platforms.linux-x64"]
checksum = "sha256:3722801dd119b96a2fbeda0b9d66f173994f249998c87bcf2274b51977aa8f77"
url = "https://github.com/ktlint/ktlint/releases/download/1.8.0/ktlint-1.8.0.zip"
url_api = "https://api.github.com/repos/ktlint/ktlint/releases/assets/316074523"

[tools.ktlint."platforms.linux-x64-musl"]
checksum = "sha256:3722801dd119b96a2fbeda0b9d66f173994f249998c87bcf2274b51977aa8f77"
url = "https://github.com/ktlint/ktlint/releases/download/1.8.0/ktlint-1.8.0.zip"
url_api = "https://api.github.com/repos/ktlint/ktlint/releases/assets/316074523"

[tools.ktlint."platforms.macos-arm64"]
checksum = "sha256:3722801dd119b96a2fbeda0b9d66f173994f249998c87bcf2274b51977aa8f77"
url = "https://github.com/ktlint/ktlint/releases/download/1.8.0/ktlint-1.8.0.zip"
url_api = "https://api.github.com/repos/ktlint/ktlint/releases/assets/316074523"

[tools.ktlint."platforms.macos-x64"]
checksum = "sha256:3722801dd119b96a2fbeda0b9d66f173994f249998c87bcf2274b51977aa8f77"
url = "https://github.com/ktlint/ktlint/releases/download/1.8.0/ktlint-1.8.0.zip"
url_api = "https://api.github.com/repos/ktlint/ktlint/releases/assets/316074523"

[tools.ktlint."platforms.windows-x64"]
checksum = "sha256:3722801dd119b96a2fbeda0b9d66f173994f249998c87bcf2274b51977aa8f77"
url = "https://github.com/ktlint/ktlint/releases/download/1.8.0/ktlint-1.8.0.zip"
url_api = "https://api.github.com/repos/ktlint/ktlint/releases/assets/316074523"

[[tools.node]]
version = "24.19.0"
backend = "core:node"

[tools.node."platforms.linux-arm64"]
checksum = "sha256:d28c8a5bf0a808f0ed434a1dce8c54ae98f0371c0bd86ac58abc613f73e6643f"
url = "https://nodejs.org/dist/v24.19.0/node-v24.19.0-linux-arm64.tar.gz"

[tools.node."platforms.linux-arm64-musl"]
checksum = "sha256:20824e4d35948fae5b337dccef47813b04d8995312f59df7386f2256d9f9ab7e"
url = "https://unofficial-builds.nodejs.org/download/release/v24.19.0/node-v24.19.0-linux-arm64-musl.tar.gz"

[tools.node."platforms.linux-x64"]
checksum = "sha256:f625d97cd707df4ff96254916fbc5ff014f09c09effe5a1e0ca8f6d41a8789d4"
url = "https://nodejs.org/dist/v24.19.0/node-v24.19.0-linux-x64.tar.gz"

[tools.node."platforms.linux-x64-musl"]
checksum = "sha256:c60223786df14a5d23e220ebb8e60318f5322640a62f90e6d9e54d3a18da532e"
url = "https://unofficial-builds.nodejs.org/download/release/v24.19.0/node-v24.19.0-linux-x64-musl.tar.gz"

[tools.node."platforms.macos-arm64"]
checksum = "sha256:8294b7aa9b03997481c06babf1e8b270c859358f27da57a11509afe537ac381d"
url = "https://nodejs.org/dist/v24.19.0/node-v24.19.0-darwin-arm64.tar.gz"

[tools.node."platforms.macos-x64"]
checksum = "sha256:d1b5e999db158c62fe8f7267a4476b035d8bd93b1a605bac24a3f0dd166e3316"
url = "https://nodejs.org/dist/v24.19.0/node-v24.19.0-darwin-x64.tar.gz"

[tools.node."platforms.windows-x64"]
checksum = "sha256:57f71ab3652e797d84acddc79c81cc9ff1c6ddb2a1974cdb83f00fee9bff4c73"
url = "https://nodejs.org/dist/v24.19.0/node-v24.19.0-win-x64.zip"

[[tools."npm:pnpm"]]
version = "11.24.0"
backend = "npm:pnpm"
